{
  "name": "algo_compare",
  "version": "1.0.0",
  "lockfileVersion": 1,
  "requires": true,
  "dependencies": {
    "xorshift": {
      "version": "1.1.1",
      "resolved": "https://registry.npmjs.org/xorshift/-/xorshift-1.1.1.tgz",
      "integrity": "sha512-GMYHpzXeRwVXaHckrEbqqSNjNbms1oRSntP2weG4mrUMWAoLgF4b0ag/qqpYRbDEBfbC3Njt3+R5nX3lbP0Lww=="
    }
  }
}
